
Microsoft Visual Studio Solution File, Format Version 12.00
# Visual Studio Version 17
VisualStudioVersion = 17.13.35931.197 d17.13
MinimumVisualStudioVersion = 10.0.40219.1
Project("{8BC9CEB8-8B4A-11D0-8D11-00A0C91BC942}") = "Calculator", "Calculator\Calculator.vcxproj", "{775895A0-18AD-4428-858F-0A81B243F4F3}"
EndProject
Global
	GlobalSection(SolutionConfigurationPlatforms) = preSolution
		Debug|x64 = Debug|x64
		Debug|x86 = Debug|x86
		Release|x64 = Release|x64
		Release|x86 = Release|x86
	EndGlobalSection
	GlobalSection(ProjectConfigurationPlatforms) = postSolution
		{775895A0-18AD-4428-858F-0A81B243F4F3}.Debug|x64.ActiveCfg = Debug|x64
		{775895A0-18AD-4428-858F-0A81B243F4F3}.Debug|x64.Build.0 = Debug|x64
		{775895A0-18AD-4428-858F-0A81B243F4F3}.Debug|x86.ActiveCfg = Debug|Win32
		{775895A0-18AD-4428-858F-0A81B243F4F3}.Debug|x86.Build.0 = Debug|Win32
		{775895A0-18AD-4428-858F-0A81B243F4F3}.Release|x64.ActiveCfg = Release|x64
		{775895A0-18AD-4428-858F-0A81B243F4F3}.Release|x64.Build.0 = Release|x64
		{775895A0-18AD-4428-858F-0A81B243F4F3}.Release|x86.ActiveCfg = Release|Win32
		{775895A0-18AD-4428-858F-0A81B243F4F3}.Release|x86.Build.0 = Release|Win32
	EndGlobalSection
	GlobalSection(SolutionProperties) = preSolution
		HideSolutionNode = FALSE
	EndGlobalSection
	GlobalSection(ExtensibilityGlobals) = postSolution
		SolutionGuid = {82809E72-742C-4904-BA0B-103B57D7A808}
	EndGlobalSection
EndGlobal
